%{"certifi": {:hex, :certifi, "0.7.0", "861a57f3808f7eb0c2d1802afeaae0fa5de813b0df0979153cbafcd853ababaf", [:rebar3], []},
  "decimal": {:hex, :decimal, "1.2.0", "462960fd71af282e570f7b477f6be56bf8968e68277d4d0b641a635269bf4b0d", [:mix], []},
  "earmark": {:hex, :earmark, "0.2.1", "ba6d26ceb16106d069b289df66751734802777a3cbb6787026dd800ffeb850f3", [:mix], []},
  "ecto": {:hex, :ecto, "2.0.5", "7f4c79ac41ffba1a4c032b69d7045489f0069c256de606523c65d9f8188e502d", [:mix], [{:db_connection, "~> 1.0-rc.4", [hex: :db_connection, optional: true]}, {:decimal, "~> 1.1.2 or ~> 1.2", [hex: :decimal, optional: false]}, {:mariaex, "~> 0.7.7", [hex: :mariaex, optional: true]}, {:poison, "~> 1.5 or ~> 2.0", [hex: :poison, optional: true]}, {:poolboy, "~> 1.5", [hex: :poolboy, optional: false]}, {:postgrex, "~> 0.12.0", [hex: :postgrex, optional: true]}, {:sbroker, "~> 1.0-beta", [hex: :sbroker, optional: true]}]},
  "espec": {:hex, :espec, "0.8.28", "f002710673d215876c4ca6fc74cbf5e330954badea7389d2284d2050940f1779", [:mix], [{:meck, "~> 0.8.4", [hex: :meck, optional: false]}]},
  "ex_doc": {:hex, :ex_doc, "0.11.5", "0dc51cb84f8312162a2313d6c71573a9afa332333d8a332bb12540861b9834db", [:mix], [{:earmark, "~> 0.1.17 or ~> 0.2", [hex: :earmark, optional: true]}]},
  "file_info": {:hex, :file_info, "0.0.2", "c43a63f7b5ac3acc6303b6ebbecaeaed89d209b17b6457df9e9a62737b550066", [:mix], [{:mimetype_parser, "~> 0.1.2", [hex: :mimetype_parser, optional: false]}]},
  "hackney": {:hex, :hackney, "1.6.3", "d489d7ca2d4323e307bedc4bfe684323a7bf773ecfd77938f3ee8074e488e140", [:rebar3, :mix], [{:certifi, "0.7.0", [hex: :certifi, optional: false]}, {:idna, "1.2.0", [hex: :idna, optional: false]}, {:metrics, "1.0.1", [hex: :metrics, optional: false]}, {:mimerl, "1.0.2", [hex: :mimerl, optional: false]}, {:ssl_verify_fun, "1.1.1", [hex: :ssl_verify_fun, optional: false]}]},
  "httpoison": {:hex, :httpoison, "0.8.3", "b675a3fdc839a0b8d7a285c6b3747d6d596ae70b6ccb762233a990d7289ccae4", [:mix], [{:hackney, "~> 1.6.0", [hex: :hackney, optional: false]}]},
  "idna": {:hex, :idna, "1.2.0", "ac62ee99da068f43c50dc69acf700e03a62a348360126260e87f2b54eced86b2", [:rebar3], []},
  "meck": {:hex, :meck, "0.8.4", "59ca1cd971372aa223138efcf9b29475bde299e1953046a0c727184790ab1520", [:rebar, :make], []},
  "metrics": {:hex, :metrics, "1.0.1", "25f094dea2cda98213cecc3aeff09e940299d950904393b2a29d191c346a8486", [:rebar3], []},
  "mimerl": {:hex, :mimerl, "1.0.2", "993f9b0e084083405ed8252b99460c4f0563e41729ab42d9074fd5e52439be88", [:rebar3], []},
  "mimetype_parser": {:hex, :mimetype_parser, "0.1.2", "221d2d3f727e89d80de5e1610fc2ce444514aa56f873da1b8fc9c033143e5d6a", [:mix], []},
  "openstax_swift": {:hex, :openstax_swift, "0.2.1", "5348ad03ec83fc2f5c8b3fb1661249dca0da530eb40853341d74a02dc9fcf04c", [:mix], [{:httpoison, "~> 0.8.2", [hex: :httpoison, optional: false]}, {:poison, "~> 2.0", [hex: :poison, optional: false]}]},
  "poison": {:hex, :poison, "2.2.0", "4763b69a8a77bd77d26f477d196428b741261a761257ff1cf92753a0d4d24a63", [:mix], []},
  "poolboy": {:hex, :poolboy, "1.5.1", "6b46163901cfd0a1b43d692657ed9d7e599853b3b21b95ae5ae0a777cf9b6ca8", [:rebar], []},
  "ssl_verify_fun": {:hex, :ssl_verify_fun, "1.1.1", "28a4d65b7f59893bc2c7de786dec1e1555bd742d336043fe644ae956c3497fbe", [:rebar, :make], []},
  "temp": {:hex, :temp, "0.4.1", "5e8a0fa2013837b4bbe7ae8bd613c1d44879250e72026564ecae53cedab4fdd6", [:mix], []}}
